<Solution>
  <Configurations>
    <Platform Name="Any CPU" />
    <Platform Name="x64" />
    <Platform Name="x86" />
  </Configurations>
  <Project Path="AverageShrimp57.Wpf.Gallery/AverageShrimp57.Wpf.Gallery.csproj" />
  <Project Path="AverageShrimp57.Wpf.UI/AverageShrimp57.Wpf.UI.csproj" />
</Solution>
