<Solution>
  <Configurations>
    <Platform Name="Any CPU" />
    <Platform Name="x64" />
    <Platform Name="x86" />
  </Configurations>
  <Project Path="ShaggyEarwig15.Wpf.Gallery/ShaggyEarwig15.Wpf.Gallery.csproj" />
  <Project Path="ShaggyEarwig15.Wpf.UI/ShaggyEarwig15.Wpf.UI.csproj" />
</Solution>
