<Solution>
  <Configurations>
    <Platform Name="Any CPU" />
    <Platform Name="x64" />
    <Platform Name="x86" />
  </Configurations>
  <Project Path="SeriousSheep31.Wpf.Gallery/SeriousSheep31.Wpf.Gallery.csproj" />
  <Project Path="SeriousSheep31.Wpf.UI/SeriousSheep31.Wpf.UI.csproj" />
</Solution>
