<Solution>
  <Configurations>
    <Platform Name="Any CPU" />
    <Platform Name="x64" />
    <Platform Name="x86" />
  </Configurations>
  <Project Path="DangerousQuail58.Wpf.Gallery/DangerousQuail58.Wpf.Gallery.csproj" />
  <Project Path="DangerousQuail58.Wpf.UI/DangerousQuail58.Wpf.UI.csproj" />
</Solution>
