<Solution>
  <Configurations>
    <Platform Name="Any CPU" />
    <Platform Name="x64" />
    <Platform Name="x86" />
  </Configurations>
  <Project Path="SourLionfish18.Avalonia.Gallery/SourLionfish18.Avalonia.Gallery.csproj" />
  <Project Path="SourLionfish18.Avalonia.UI/SourLionfish18.Avalonia.UI.csproj" />
</Solution>
