<Solution>
  <Configurations>
    <Platform Name="Any CPU" />
    <Platform Name="x64" />
    <Platform Name="x86" />
  </Configurations>
  <Project Path="YellowFalcon57.Wpf.Gallery/YellowFalcon57.Wpf.Gallery.csproj" />
  <Project Path="YellowFalcon57.Wpf.UI/YellowFalcon57.Wpf.UI.csproj" />
</Solution>
