<Solution>
  <Configurations>
    <Platform Name="Any CPU" />
    <Platform Name="x64" />
    <Platform Name="x86" />
  </Configurations>
  <Project Path="GoodQuail97.Avalonia.Gallery/GoodQuail97.Avalonia.Gallery.csproj" />
  <Project Path="GoodQuail97.Avalonia.Lib/GoodQuail97.Avalonia.Lib.csproj" />
</Solution>
