<Solution>
  <Configurations>
    <Platform Name="Any CPU" />
    <Platform Name="x64" />
    <Platform Name="x86" />
  </Configurations>
  <Project Path="SpottyZebra83.Wpf.Gallery/SpottyZebra83.Wpf.Gallery.csproj" />
  <Project Path="SpottyZebra83.Wpf.UI/SpottyZebra83.Wpf.UI.csproj" />
</Solution>
