<Solution>
  <Configurations>
    <Platform Name="Any CPU" />
    <Platform Name="x64" />
    <Platform Name="x86" />
  </Configurations>
  <Project Path="NervousZebra0.Wpf.Gallery/NervousZebra0.Wpf.Gallery.csproj" />
  <Project Path="NervousZebra0.Wpf.UI/NervousZebra0.Wpf.UI.csproj" />
</Solution>
