<Solution>
  <Configurations>
    <Platform Name="Any CPU" />
    <Platform Name="x64" />
    <Platform Name="x86" />
  </Configurations>
  <Project Path="TinyMayfly20.Avalonia.Gallery/TinyMayfly20.Avalonia.Gallery.csproj" />
  <Project Path="TinyMayfly20.Avalonia.Lib/TinyMayfly20.Avalonia.Lib.csproj" />
</Solution>
