<Solution>
  <Configurations>
    <Platform Name="Any CPU" />
    <Platform Name="x64" />
    <Platform Name="x86" />
  </Configurations>
  <Project Path="PerfectCheetah72.Wpf.Gallery/PerfectCheetah72.Wpf.Gallery.csproj" />
  <Project Path="PerfectCheetah72.Wpf.UI/PerfectCheetah72.Wpf.UI.csproj" />
</Solution>
