<Solution>
  <Configurations>
    <Platform Name="Any CPU" />
    <Platform Name="x64" />
    <Platform Name="x86" />
  </Configurations>
  <Project Path="UnluckyDuck40.Wpf.Gallery/UnluckyDuck40.Wpf.Gallery.csproj" />
  <Project Path="UnluckyDuck40.Wpf.UI/UnluckyDuck40.Wpf.UI.csproj" />
</Solution>
