<Solution>
  <Configurations>
    <Platform Name="Any CPU" />
    <Platform Name="x64" />
    <Platform Name="x86" />
  </Configurations>
  <Project Path="TerribleHound31.Wpf.Gallery/TerribleHound31.Wpf.Gallery.csproj" />
  <Project Path="TerribleHound31.Wpf.UI/TerribleHound31.Wpf.UI.csproj" />
</Solution>
