<Solution>
  <Configurations>
    <Platform Name="Any CPU" />
    <Platform Name="x64" />
    <Platform Name="x86" />
  </Configurations>
  <Project Path="TerribleKangaroo96.Wpf.Gallery/TerribleKangaroo96.Wpf.Gallery.csproj" />
  <Project Path="TerribleKangaroo96.Wpf.UI/TerribleKangaroo96.Wpf.UI.csproj" />
</Solution>
