<Solution>
  <Configurations>
    <Platform Name="Any CPU" />
    <Platform Name="x64" />
    <Platform Name="x86" />
  </Configurations>
  <Project Path="AverageElephant52.Wpf.Gallery/AverageElephant52.Wpf.Gallery.csproj" />
  <Project Path="AverageElephant52.Wpf.UI/AverageElephant52.Wpf.UI.csproj" />
</Solution>
