<Solution>
  <Configurations>
    <Platform Name="Any CPU" />
    <Platform Name="x64" />
    <Platform Name="x86" />
  </Configurations>
  <Project Path="BrownCheetah84.Wpf.Gallery/BrownCheetah84.Wpf.Gallery.csproj" />
  <Project Path="BrownCheetah84.Wpf.UI/BrownCheetah84.Wpf.UI.csproj" />
</Solution>
