<Solution>
  <Configurations>
    <Platform Name="Any CPU" />
    <Platform Name="x64" />
    <Platform Name="x86" />
  </Configurations>
  <Project Path="WhiteKangaroo0.Wpf.Gallery/WhiteKangaroo0.Wpf.Gallery.csproj" />
  <Project Path="WhiteKangaroo0.Wpf.UI/WhiteKangaroo0.Wpf.UI.csproj" />
</Solution>
