<Solution>
  <Configurations>
    <Platform Name="Any CPU" />
    <Platform Name="x64" />
    <Platform Name="x86" />
  </Configurations>
  <Project Path="SilentOtter72.Wpf.Gallery/SilentOtter72.Wpf.Gallery.csproj" />
  <Project Path="SilentOtter72.Wpf.UI/SilentOtter72.Wpf.UI.csproj" />
</Solution>
