<Solution>
  <Configurations>
    <Platform Name="Any CPU" />
    <Platform Name="x64" />
    <Platform Name="x86" />
  </Configurations>
  <Project Path="PopularCrab99.Wpf.Gallery/PopularCrab99.Wpf.Gallery.csproj" />
  <Project Path="PopularCrab99.Wpf.UI/PopularCrab99.Wpf.UI.csproj" />
</Solution>
