<Solution>
  <Configurations>
    <Platform Name="Any CPU" />
    <Platform Name="x64" />
    <Platform Name="x86" />
  </Configurations>
  <Project Path="MassiveInsect5.Wpf.Gallery/MassiveInsect5.Wpf.Gallery.csproj" />
  <Project Path="MassiveInsect5.Wpf.UI/MassiveInsect5.Wpf.UI.csproj" />
</Solution>
