<Solution>
  <Configurations>
    <Platform Name="Any CPU" />
    <Platform Name="x64" />
    <Platform Name="x86" />
  </Configurations>
  <Project Path="FreshLizard20.Wpf.Gallery/FreshLizard20.Wpf.Gallery.csproj" />
  <Project Path="FreshLizard20.Wpf.UI/FreshLizard20.Wpf.UI.csproj" />
</Solution>
