<Solution>
  <Configurations>
    <Platform Name="Any CPU" />
    <Platform Name="x64" />
    <Platform Name="x86" />
  </Configurations>
  <Project Path="PinkCheetah76.Wpf.Gallery/PinkCheetah76.Wpf.Gallery.csproj" />
  <Project Path="PinkCheetah76.Wpf.UI/PinkCheetah76.Wpf.UI.csproj" />
</Solution>
