<Solution>
  <Configurations>
    <Platform Name="Any CPU" />
    <Platform Name="x64" />
    <Platform Name="x86" />
  </Configurations>
  <Project Path="SourLionfish18.Wpf.Gallery/SourLionfish18.Wpf.Gallery.csproj" />
  <Project Path="SourLionfish18.Wpf.UI/SourLionfish18.Wpf.UI.csproj" />
</Solution>
