<Solution>
  <Configurations>
    <Platform Name="Any CPU" />
    <Platform Name="x64" />
    <Platform Name="x86" />
  </Configurations>
  <Project Path="CurvyEarwig22.Wpf.Gallery/CurvyEarwig22.Wpf.Gallery.csproj" />
  <Project Path="CurvyEarwig22.Wpf.UI/CurvyEarwig22.Wpf.UI.csproj" />
</Solution>
