<Solution>
  <Configurations>
    <Platform Name="Any CPU" />
    <Platform Name="x64" />
    <Platform Name="x86" />
  </Configurations>
  <Project Path="HardTreefrog45.Wpf.Gallery/HardTreefrog45.Wpf.Gallery.csproj" />
  <Project Path="HardTreefrog45.Wpf.UI/HardTreefrog45.Wpf.UI.csproj" />
</Solution>
