<Solution>
  <Configurations>
    <Platform Name="Any CPU" />
    <Platform Name="x64" />
    <Platform Name="x86" />
  </Configurations>
  <Project Path="MightyElephant52.Wpf.Gallery/MightyElephant52.Wpf.Gallery.csproj" />
  <Project Path="MightyElephant52.Wpf.UI/MightyElephant52.Wpf.UI.csproj" />
</Solution>
