<Solution>
  <Configurations>
    <Platform Name="Any CPU" />
    <Platform Name="x64" />
    <Platform Name="x86" />
  </Configurations>
  <Project Path="WiseElephant23.Wpf.Gallery/WiseElephant23.Wpf.Gallery.csproj" />
  <Project Path="WiseElephant23.Wpf.UI/WiseElephant23.Wpf.UI.csproj" />
</Solution>
