<Solution>
  <Configurations>
    <Platform Name="Any CPU" />
    <Platform Name="x64" />
    <Platform Name="x86" />
  </Configurations>
  <Project Path="ChillyDonkey13.Wpf.Gallery/ChillyDonkey13.Wpf.Gallery.csproj" />
  <Project Path="ChillyDonkey13.Wpf.UI/ChillyDonkey13.Wpf.UI.csproj" />
</Solution>
