<Solution>
  <Configurations>
    <Platform Name="Any CPU" />
    <Platform Name="x64" />
    <Platform Name="x86" />
  </Configurations>
  <Project Path="AngryGrasshopper50.Wpf.Gallery/AngryGrasshopper50.Wpf.Gallery.csproj" />
  <Project Path="AngryGrasshopper50.Wpf.UI/AngryGrasshopper50.Wpf.UI.csproj" />
</Solution>
