<Solution>
  <Configurations>
    <Platform Name="Any CPU" />
    <Platform Name="x64" />
    <Platform Name="x86" />
  </Configurations>
  <Project Path="QuietCougar91.Wpf.Gallery/QuietCougar91.Wpf.Gallery.csproj" />
  <Project Path="QuietCougar91.Wpf.UI/QuietCougar91.Wpf.UI.csproj" />
</Solution>
