<Solution>
  <Configurations>
    <Platform Name="Any CPU" />
    <Platform Name="x64" />
    <Platform Name="x86" />
  </Configurations>
  <Project Path="GreatDragonfly65.Wpf.Gallery/GreatDragonfly65.Wpf.Gallery.csproj" />
  <Project Path="GreatDragonfly65.Wpf.UI/GreatDragonfly65.Wpf.UI.csproj" />
</Solution>
