<Solution>
  <Configurations>
    <Platform Name="Any CPU" />
    <Platform Name="x64" />
    <Platform Name="x86" />
  </Configurations>
  <Project Path="SwiftChipmunk76.Wpf.Gallery/SwiftChipmunk76.Wpf.Gallery.csproj" />
  <Project Path="SwiftChipmunk76.Wpf.UI/SwiftChipmunk76.Wpf.UI.csproj" />
</Solution>
