<Solution>
  <Configurations>
    <Platform Name="Any CPU" />
    <Platform Name="x64" />
    <Platform Name="x86" />
  </Configurations>
  <Project Path="SmartBobcat50.Wpf.Gallery/SmartBobcat50.Wpf.Gallery.csproj" />
  <Project Path="SmartBobcat50.Wpf.UI/SmartBobcat50.Wpf.UI.csproj" />
</Solution>
