<Solution>
  <Configurations>
    <Platform Name="Any CPU" />
    <Platform Name="x64" />
    <Platform Name="x86" />
  </Configurations>
  <Project Path="LovelyDragon72.Wpf.Gallery/LovelyDragon72.Wpf.Gallery.csproj" />
  <Project Path="LovelyDragon72.Wpf.UI/LovelyDragon72.Wpf.UI.csproj" />
</Solution>
